// !$*UTF8*$!
{
	archiveVersion = 1;
	classes = {
	};
	objectVersion = 50;
	objects = {

/* Begin PBXBuildFile section */
		7D05C84F25956CDD001AE9A4 /* QuizBrain.swift in Sources */ = {isa = PBXBuildFile; fileRef = 7D05C84E25956CDD001AE9A4 /* QuizBrain.swift */; };
		7D6868772593B45E002C5111 /* AppDelegate.swift in Sources */ = {isa = PBXBuildFile; fileRef = 7D6868762593B45E002C5111 /* AppDelegate.swift */; };
		7D6868792593B45E002C5111 /* SceneDelegate.swift in Sources */ = {isa = PBXBuildFile; fileRef = 7D6868782593B45E002C5111 /* SceneDelegate.swift */; };
		7D68687B2593B45E002C5111 /* ViewController.swift in Sources */ = {isa = PBXBuildFile; fileRef = 7D68687A2593B45E002C5111 /* ViewController.swift */; };
		7D68687E2593B45E002C5111 /* Main.storyboard in Resources */ = {isa = PBXBuildFile; fileRef = 7D68687C2593B45E002C5111 /* Main.storyboard */; };
		7D6868802593B462002C5111 /* Assets.xcassets in Resources */ = {isa = PBXBuildFile; fileRef = 7D68687F2593B462002C5111 /* Assets.xcassets */; };
		7D6868832593B462002C5111 /* LaunchScreen.storyboard in Resources */ = {isa = PBXBuildFile; fileRef = 7D6868812593B462002C5111 /* LaunchScreen.storyboard */; };
		7D68688B2593CE3B002C5111 /* Questions.swift in Sources */ = {isa = PBXBuildFile; fileRef = 7D68688A2593CE3B002C5111 /* Questions.swift */; };
/* End PBXBuildFile section */

/* Begin PBXFileReference section */
		7D05C84E25956CDD001AE9A4 /* QuizBrain.swift */ = {isa = PBXFileReference; lastKnownFileType = sourcecode.swift; path = QuizBrain.swift; sourceTree = "<group>"; };
		7D6868732593B45E002C5111 /* QuizApp.app */ = {isa = PBXFileReference; explicitFileType = wrapper.application; includeInIndex = 0; path = QuizApp.app; sourceTree = BUILT_PRODUCTS_DIR; };
		7D6868762593B45E002C5111 /* AppDelegate.swift */ = {isa = PBXFileReference; lastKnownFileType = sourcecode.swift; path = AppDelegate.swift; sourceTree = "<group>"; };
		7D6868782593B45E002C5111 /* SceneDelegate.swift */ = {isa = PBXFileReference; lastKnownFileType = sourcecode.swift; path = SceneDelegate.swift; sourceTree = "<group>"; };
		7D68687A2593B45E002C5111 /* ViewController.swift */ = {isa = PBXFileReference; lastKnownFileType = sourcecode.swift; path = ViewController.swift; sourceTree = "<group>"; };
		7D68687D2593B45E002C5111 /* Base */ = {isa = PBXFileReference; lastKnownFileType = file.storyboard; name = Base; path = Base.lproj/Main.storyboard; sourceTree = "<group>"; };
		7D68687F2593B462002C5111 /* Assets.xcassets */ = {isa = PBXFileReference; lastKnownFileType = folder.assetcatalog; path = Assets.xcassets; sourceTree = "<group>"; };
		7D6868822593B462002C5111 /* Base */ = {isa = PBXFileReference; lastKnownFileType = file.storyboard; name = Base; path = Base.lproj/LaunchScreen.storyboard; sourceTree = "<group>"; };
		7D6868842593B462002C5111 /* Info.plist */ = {isa = PBXFileReference; lastKnownFileType = text.plist.xml; path = Info.plist; sourceTree = "<group>"; };
		7D68688A2593CE3B002C5111 /* Questions.swift */ = {isa = PBXFileReference; lastKnownFileType = sourcecode.swift; path = Questions.swift; sourceTree = "<group>"; };
/* End PBXFileReference section */

/* Begin PBXFrameworksBuildPhase section */
		7D6868702593B45E002C5111 /* Frameworks */ = {
			isa = PBXFrameworksBuildPhase;
			buildActionMask = 2147483647;
			files = (
			);
			runOnlyForDeploymentPostprocessing = 0;
		};
/* End PBXFrameworksBuildPhase section */

/* Begin PBXGroup section */
		7D05C84B25956BF4001AE9A4 /* Model */ = {
			isa = PBXGroup;
			children = (
				7D68688A2593CE3B002C5111 /* Questions.swift */,
				7D05C84E25956CDD001AE9A4 /* QuizBrain.swift */,
			);
			path = Model;
			sourceTree = "<group>";
		};
		7D05C84C25956C28001AE9A4 /* View */ = {
			isa = PBXGroup;
			children = (
				7D68687C2593B45E002C5111 /* Main.storyboard */,
			);
			path = View;
			sourceTree = "<group>";
		};
		7D05C84D25956C3D001AE9A4 /* Controller */ = {
			isa = PBXGroup;
			children = (
				7D68687A2593B45E002C5111 /* ViewController.swift */,
			);
			path = Controller;
			sourceTree = "<group>";
		};
		7D68686A2593B45E002C5111 = {
			isa = PBXGroup;
			children = (
				7D6868752593B45E002C5111 /* QuizApp */,
				7D6868742593B45E002C5111 /* Products */,
			);
			sourceTree = "<group>";
		};
		7D6868742593B45E002C5111 /* Products */ = {
			isa = PBXGroup;
			children = (
				7D6868732593B45E002C5111 /* QuizApp.app */,
			);
			name = Products;
			sourceTree = "<group>";
		};
		7D6868752593B45E002C5111 /* QuizApp */ = {
			isa = PBXGroup;
			children = (
				7D6868762593B45E002C5111 /* AppDelegate.swift */,
				7D6868782593B45E002C5111 /* SceneDelegate.swift */,
				7D05C84B25956BF4001AE9A4 /* Model */,
				7D05C84C25956C28001AE9A4 /* View */,
				7D05C84D25956C3D001AE9A4 /* Controller */,
				7D68687F2593B462002C5111 /* Assets.xcassets */,
				7D6868812593B462002C5111 /* LaunchScreen.storyboard */,
				7D6868842593B462002C5111 /* Info.plist */,
			);
			path = QuizApp;
			sourceTree = "<group>";
		};
/* End PBXGroup section */

/* Begin PBXNativeTarget section */
		7D6868722593B45E002C5111 /* QuizApp */ = {
			isa = PBXNativeTarget;
			buildConfigurationList = 7D6868872593B462002C5111 /* Build configuration list for PBXNativeTarget "QuizApp" */;
			buildPhases = (
				7D68686F2593B45E002C5111 /* Sources */,
				7D6868702593B45E002C5111 /* Frameworks */,
				7D6868712593B45E002C5111 /* Resources */,
			);
			buildRules = (
			);
			dependencies = (
			);
			name = QuizApp;
			productName = QuizApp;
			productReference = 7D6868732593B45E002C5111 /* QuizApp.app */;
			productType = "com.apple.product-type.application";
		};
/* End PBXNativeTarget section */

/* Begin PBXProject section */
		7D68686B2593B45E002C5111 /* Project object */ = {
			isa = PBXProject;
			attributes = {
				LastSwiftUpdateCheck = 1150;
				LastUpgradeCheck = 1150;
				ORGANIZATIONNAME = "Meziane Dahou";
				TargetAttributes = {
					7D6868722593B45E002C5111 = {
						CreatedOnToolsVersion = 11.5;
					};
				};
			};
			buildConfigurationList = 7D68686E2593B45E002C5111 /* Build configuration list for PBXProject "QuizApp" */;
			compatibilityVersion = "Xcode 9.3";
			developmentRegion = en;
			hasScannedForEncodings = 0;
			knownRegions = (
				en,
				Base,
			);
			mainGroup = 7D68686A2593B45E002C5111;
			productRefGroup = 7D6868742593B45E002C5111 /* Products */;
			projectDirPath = "";
			projectRoot = "";
			targets = (
				7D6868722593B45E002C5111 /* QuizApp */,
			);
		};
/* End PBXProject section */

/* Begin PBXResourcesBuildPhase section */
		7D6868712593B45E002C5111 /* Resources */ = {
			isa = PBXResourcesBuildPhase;
			buildActionMask = 2147483647;
			files = (
				7D6868832593B462002C5111 /* LaunchScreen.storyboard in Resources */,
				7D6868802593B462002C5111 /* Assets.xcassets in Resources */,
				7D68687E2593B45E002C5111 /* Main.storyboard in Resources */,
			);
			runOnlyForDeploymentPostprocessing = 0;
		};
/* End PBXResourcesBuildPhase section */

/* Begin PBXSourcesBuildPhase section */
		7D68686F2593B45E002C5111 /* Sources */ = {
			isa = PBXSourcesBuildPhase;
			buildActionMask = 2147483647;
			files = (
				7D05C84F25956CDD001AE9A4 /* QuizBrain.swift in Sources */,
				7D68687B2593B45E002C5111 /* ViewController.swift in Sources */,
				7D68688B2593CE3B002C5111 /* Questions.swift in Sources */,
				7D6868772593B45E002C5111 /* AppDelegate.swift in Sources */,
				7D6868792593B45E002C5111 /* SceneDelegate.swift in Sources */,
			);
			runOnlyForDeploymentPostprocessing = 0;
		};
/* End PBXSourcesBuildPhase section */

/* Begin PBXVariantGroup section */
		7D68687C2593B45E002C5111 /* Main.storyboard */ = {
			isa = PBXVariantGroup;
			children = (
				7D68687D2593B45E002C5111 /* Base */,
			);
			name = Main.storyboard;
			sourceTree = "<group>";
		};
		7D6868812593B462002C5111 /* LaunchScreen.storyboard */ = {
			isa = PBXVariantGroup;
			children = (
				7D6868822593B462002C5111 /* Base */,
			);
			name = LaunchScreen.storyboard;
			sourceTree = "<group>";
		};
/* End PBXVariantGroup section */

/* Begin XCBuildConfiguration section */
		7D6868852593B462002C5111 /* Debug */ = {
			isa = XCBuildConfiguration;
			buildSettings = {
				ALWAYS_SEARCH_USER_PATHS = NO;
				CLANG_ANALYZER_NONNULL = YES;
				CLANG_ANALYZER_NUMBER_OBJECT_CONVERSION = YES_AGGRESSIVE;
				CLANG_CXX_LANGUAGE_STANDARD = "gnu++14";
				CLANG_CXX_LIBRARY = "libc++";
				CLANG_ENABLE_MODULES = YES;
				CLANG_ENABLE_OBJC_ARC = YES;
				CLANG_ENABLE_OBJC_WEAK = YES;
				CLANG_WARN_BLOCK_CAPTURE_AUTORELEASING = YES;
				CLANG_WARN_BOOL_CONVERSION = YES;
				CLANG_WARN_COMMA = YES;
				CLANG_WARN_CONSTANT_CONVERSION = YES;
				CLANG_WARN_DEPRECATED_OBJC_IMPLEMENTATIONS = YES;
				CLANG_WARN_DIRECT_OBJC_ISA_USAGE = YES_ERROR;
				CLANG_WARN_DOCUMENTATION_COMMENTS = YES;
				CLANG_WARN_EMPTY_BODY = YES;
				CLANG_WARN_ENUM_CONVERSION = YES;
				CLANG_WARN_INFINITE_RECURSION = YES;
				CLANG_WARN_INT_CONVERSION = YES;
				CLANG_WARN_NON_LITERAL_NULL_CONVERSION = YES;
				CLANG_WARN_OBJC_IMPLICIT_RETAIN_SELF = YES;
				CLANG_WARN_OBJC_LITERAL_CONVERSION = YES;
				CLANG_WARN_OBJC_ROOT_CLASS = YES_ERROR;
				CLANG_WARN_RANGE_LOOP_ANALYSIS = YES;
				CLANG_WARN_STRICT_PROTOTYPES = YES;
				CLANG_WARN_SUSPICIOUS_MOVE = YES;
				CLANG_WARN_UNGUARDED_AVAILABILITY = YES_AGGRESSIVE;
				CLANG_WARN_UNREACHABLE_CODE = YES;
				CLANG_WARN__DUPLICATE_METHOD_MATCH = YES;
				COPY_PHASE_STRIP = NO;
				DEBUG_INFORMATION_FORMAT = dwarf;
				ENABLE_STRICT_OBJC_MSGSEND = YES;
				ENABLE_TESTABILITY = YES;
				GCC_C_LANGUAGE_STANDARD = gnu11;
				GCC_DYNAMIC_NO_PIC = NO;
				GCC_NO_COMMON_BLOCKS = YES;
				GCC_OPTIMIZATION_LEVEL = 0;
				GCC_PREPROCESSOR_DEFINITIONS = (
					"DEBUG=1",
					"$(inherited)",
				);
				GCC_WARN_64_TO_32_BIT_CONVERSION = YES;
				GCC_WARN_ABOUT_RETURN_TYPE = YES_ERROR;
				GCC_WARN_UNDECLARED_SELECTOR = YES;
				GCC_WARN_UNINITIALIZED_AUTOS = YES_AGGRESSIVE;
				GCC_WARN_UNUSED_FUNCTION = YES;
				GCC_WARN_UNUSED_VARIABLE = YES;
				IPHONEOS_DEPLOYMENT_TARGET = 13.5;
				MTL_ENABLE_DEBUG_INFO = INCLUDE_SOURCE;
				MTL_FAST_MATH = YES;
				ONLY_ACTIVE_ARCH = YES;
				SDKROOT = iphoneos;
				SWIFT_ACTIVE_COMPILATION_CONDITIONS = DEBUG;
				SWIFT_OPTIMIZATION_LEVEL = "-Onone";
			};
			name = Debug;
		};
		7D6868862593B462002C5111 /* Release */ = {
			isa = XCBuildConfiguration;
			buildSettings = {
				ALWAYS_SEARCH_USER_PATHS = NO;
				CLANG_ANALYZER_NONNULL = YES;
				CLANG_ANALYZER_NUMBER_OBJECT_CONVERSION = YES_AGGRESSIVE;
				CLANG_CXX_LANGUAGE_STANDARD = "gnu++14";
				CLANG_CXX_LIBRARY = "libc++";
				CLANG_ENABLE_MODULES = YES;
				CLANG_ENABLE_OBJC_ARC = YES;
				CLANG_ENABLE_OBJC_WEAK = YES;
				CLANG_WARN_BLOCK_CAPTURE_AUTORELEASING = YES;
				CLANG_WARN_BOOL_CONVERSION = YES;
				CLANG_WARN_COMMA = YES;
				CLANG_WARN_CONSTANT_CONVERSION = YES;
				CLANG_WARN_DEPRECATED_OBJC_IMPLEMENTATIONS = YES;
				CLANG_WARN_DIRECT_OBJC_ISA_USAGE = YES_ERROR;
				CLANG_WARN_DOCUMENTATION_COMMENTS = YES;
				CLANG_WARN_EMPTY_BODY = YES;
				CLANG_WARN_ENUM_CONVERSION = YES;
				CLANG_WARN_INFINITE_RECURSION = YES;
				CLANG_WARN_INT_CONVERSION = YES;
				CLANG_WARN_NON_LITERAL_NULL_CONVERSION = YES;
				CLANG_WARN_OBJC_IMPLICIT_RETAIN_SELF = YES;
				CLANG_WARN_OBJC_LITERAL_CONVERSION = YES;
				CLANG_WARN_OBJC_ROOT_CLASS = YES_ERROR;
				CLANG_WARN_RANGE_LOOP_ANALYSIS = YES;
				CLANG_WARN_STRICT_PROTOTYPES = YES;
				CLANG_WARN_SUSPICIOUS_MOVE = YES;
				CLANG_WARN_UNGUARDED_AVAILABILITY = YES_AGGRESSIVE;
				CLANG_WARN_UNREACHABLE_CODE = YES;
				CLANG_WARN__DUPLICATE_METHOD_MATCH = YES;
				COPY_PHASE_STRIP = NO;
				DEBUG_INFORMATION_FORMAT = "dwarf-with-dsym";
				ENABLE_NS_ASSERTIONS = NO;
				ENABLE_STRICT_OBJC_MSGSEND = YES;
				GCC_C_LANGUAGE_STANDARD = gnu11;
				GCC_NO_COMMON_BLOCKS = YES;
				GCC_WARN_64_TO_32_BIT_CONVERSION = YES;
				GCC_WARN_ABOUT_RETURN_TYPE = YES_ERROR;
				GCC_WARN_UNDECLARED_SELECTOR = YES;
				GCC_WARN_UNINITIALIZED_AUTOS = YES_AGGRESSIVE;
				GCC_WARN_UNUSED_FUNCTION = YES;
				GCC_WARN_UNUSED_VARIABLE = YES;
				IPHONEOS_DEPLOYMENT_TARGET = 13.5;
				MTL_ENABLE_DEBUG_INFO = NO;
				MTL_FAST_MATH = YES;
				SDKROOT = iphoneos;
				SWIFT_COMPILATION_MODE = wholemodule;
				SWIFT_OPTIMIZATION_LEVEL = "-O";
				VALIDATE_PRODUCT = YES;
			};
			name = Release;
		};
		7D6868882593B462002C5111 /* Debug */ = {
			isa = XCBuildConfiguration;
			buildSettings = {
				ASSETCATALOG_COMPILER_APPICON_NAME = AppIcon;
				CODE_SIGN_STYLE = Automatic;
				DEVELOPMENT_TEAM = 6P2K9976Q3;
				INFOPLIST_FILE = QuizApp/Info.plist;
				LD_RUNPATH_SEARCH_PATHS = (
					"$(inherited)",
					"@executable_path/Frameworks",
				);
				PRODUCT_BUNDLE_IDENTIFIER = com.mezianedahou.QuizApp;
				PRODUCT_NAME = "$(TARGET_NAME)";
				SWIFT_VERSION = 5.0;
				TARGETED_DEVICE_FAMILY = "1,2";
			};
			name = Debug;
		};
		7D6868892593B462002C5111 /* Release */ = {
			isa = XCBuildConfiguration;
			buildSettings = {
				ASSETCATALOG_COMPILER_APPICON_NAME = AppIcon;
				CODE_SIGN_STYLE = Automatic;
				DEVELOPMENT_TEAM = 6P2K9976Q3;
				INFOPLIST_FILE = QuizApp/Info.plist;
				LD_RUNPATH_SEARCH_PATHS = (
					"$(inherited)",
					"@executable_path/Frameworks",
				);
				PRODUCT_BUNDLE_IDENTIFIER = com.mezianedahou.QuizApp;
				PRODUCT_NAME = "$(TARGET_NAME)";
				SWIFT_VERSION = 5.0;
				TARGETED_DEVICE_FAMILY = "1,2";
			};
			name = Release;
		};
/* End XCBuildConfiguration section */

/* Begin XCConfigurationList section */
		7D68686E2593B45E002C5111 /* Build configuration list for PBXProject "QuizApp" */ = {
			isa = XCConfigurationList;
			buildConfigurations = (
				7D6868852593B462002C5111 /* Debug */,
				7D6868862593B462002C5111 /* Release */,
			);
			defaultConfigurationIsVisible = 0;
			defaultConfigurationName = Release;
		};
		7D6868872593B462002C5111 /* Build configuration list for PBXNativeTarget "QuizApp" */ = {
			isa = XCConfigurationList;
			buildConfigurations = (
				7D6868882593B462002C5111 /* Debug */,
				7D6868892593B462002C5111 /* Release */,
			);
			defaultConfigurationIsVisible = 0;
			defaultConfigurationName = Release;
		};
/* End XCConfigurationList section */
	};
	rootObject = 7D68686B2593B45E002C5111 /* Project object */;
}
